// !$*UTF8*$!
{
	archiveVersion = 1;
	classes = {
	};
	objectVersion = 46;
	objects = {

/* Begin PBXBuildFile section */
		6C0BA4581BF81D86007C53C7 /* AppDelegate.swift in Sources */ = {isa = PBXBuildFile; fileRef = 6C0BA4571BF81D86007C53C7 /* AppDelegate.swift */; };
		6C0BA45A1BF81D86007C53C7 /* ViewControllerMain.swift in Sources */ = {isa = PBXBuildFile; fileRef = 6C0BA4591BF81D86007C53C7 /* ViewControllerMain.swift */; };
		6C0BA45D1BF81D86007C53C7 /* Main.storyboard in Resources */ = {isa = PBXBuildFile; fileRef = 6C0BA45B1BF81D86007C53C7 /* Main.storyboard */; };
		6C0BA45F1BF81D86007C53C7 /* Assets.xcassets in Resources */ = {isa = PBXBuildFile; fileRef = 6C0BA45E1BF81D86007C53C7 /* Assets.xcassets */; };
		6C0BA4621BF81D86007C53C7 /* LaunchScreen.storyboard in Resources */ = {isa = PBXBuildFile; fileRef = 6C0BA4601BF81D86007C53C7 /* LaunchScreen.storyboard */; };
		6C0BA46D1BF81E01007C53C7 /* ProxyProtocol.swift in Sources */ = {isa = PBXBuildFile; fileRef = 6C0BA46C1BF81E01007C53C7 /* ProxyProtocol.swift */; };
		6C0BA4711BF81E2B007C53C7 /* WebServiceProxy.swift in Sources */ = {isa = PBXBuildFile; fileRef = 6C0BA4701BF81E2B007C53C7 /* WebServiceProxy.swift */; };
		6C0BA4881BF95E71007C53C7 /* Constants.swift in Sources */ = {isa = PBXBuildFile; fileRef = 6C0BA4871BF95E71007C53C7 /* Constants.swift */; };
		6C6C6C421C462EBB009884A0 /* MapViewBikesTests.swift in Sources */ = {isa = PBXBuildFile; fileRef = 6C6C6C3F1C462DE1009884A0 /* MapViewBikesTests.swift */; };
		6C6C6C441C462EDB009884A0 /* WebServiceTests.swift in Sources */ = {isa = PBXBuildFile; fileRef = 6C0BA4841BF90137007C53C7 /* WebServiceTests.swift */; };
		6C7166341C15318900658220 /* Seattle_Bike_ParkingUITests.swift in Sources */ = {isa = PBXBuildFile; fileRef = 6C7166331C15318900658220 /* Seattle_Bike_ParkingUITests.swift */; };
		6C71663C1C153B0600658220 /* MapOfBikes.swift in Sources */ = {isa = PBXBuildFile; fileRef = 6C71663B1C153B0600658220 /* MapOfBikes.swift */; };
		6CAD20C61C4AE8790002FDDA /* ParkingBikeSpotModel.swift in Sources */ = {isa = PBXBuildFile; fileRef = 6CAD20C51C4AE8790002FDDA /* ParkingBikeSpotModel.swift */; };
		6CAD20C81C4B18930002FDDA /* MapService.swift in Sources */ = {isa = PBXBuildFile; fileRef = 6CAD20C71C4B18930002FDDA /* MapService.swift */; };
		6CC2A4481D08A27800ECB3EE /* BikeSpotParser.swift in Sources */ = {isa = PBXBuildFile; fileRef = 6CC2A4471D08A27800ECB3EE /* BikeSpotParser.swift */; };
		6CE19CE61D0D3C18001D8C74 /* BikeSpotService.swift in Sources */ = {isa = PBXBuildFile; fileRef = 6CE19CE51D0D3C18001D8C74 /* BikeSpotService.swift */; };
/* End PBXBuildFile section */

/* Begin PBXContainerItemProxy section */
		6C0BA47B1BF8208B007C53C7 /* PBXContainerItemProxy */ = {
			isa = PBXContainerItemProxy;
			containerPortal = 6C0BA44C1BF81D86007C53C7 /* Project object */;
			proxyType = 1;
			remoteGlobalIDString = 6C0BA4531BF81D86007C53C7;
			remoteInfo = "Seattle Bike Parking";
		};
		6C7166361C15318900658220 /* PBXContainerItemProxy */ = {
			isa = PBXContainerItemProxy;
			containerPortal = 6C0BA44C1BF81D86007C53C7 /* Project object */;
			proxyType = 1;
			remoteGlobalIDString = 6C0BA4531BF81D86007C53C7;
			remoteInfo = "Seattle Bike Parking";
		};
/* End PBXContainerItemProxy section */

/* Begin PBXFileReference section */
		6C0BA4541BF81D86007C53C7 /* Seattle Bike Parking.app */ = {isa = PBXFileReference; explicitFileType = wrapper.application; includeInIndex = 0; path = "Seattle Bike Parking.app"; sourceTree = BUILT_PRODUCTS_DIR; };
		6C0BA4571BF81D86007C53C7 /* AppDelegate.swift */ = {isa = PBXFileReference; lastKnownFileType = sourcecode.swift; path = AppDelegate.swift; sourceTree = "<group>"; };
		6C0BA4591BF81D86007C53C7 /* ViewControllerMain.swift */ = {isa = PBXFileReference; lastKnownFileType = sourcecode.swift; path = ViewControllerMain.swift; sourceTree = "<group>"; };
		6C0BA45C1BF81D86007C53C7 /* Base */ = {isa = PBXFileReference; lastKnownFileType = file.storyboard; name = Base; path = Base.lproj/Main.storyboard; sourceTree = "<group>"; };
		6C0BA45E1BF81D86007C53C7 /* Assets.xcassets */ = {isa = PBXFileReference; lastKnownFileType = folder.assetcatalog; path = Assets.xcassets; sourceTree = "<group>"; };
		6C0BA4611BF81D86007C53C7 /* Base */ = {isa = PBXFileReference; lastKnownFileType = file.storyboard; name = Base; path = Base.lproj/LaunchScreen.storyboard; sourceTree = "<group>"; };
		6C0BA4631BF81D86007C53C7 /* Info.plist */ = {isa = PBXFileReference; lastKnownFileType = text.plist.xml; path = Info.plist; sourceTree = "<group>"; };
		6C0BA46C1BF81E01007C53C7 /* ProxyProtocol.swift */ = {isa = PBXFileReference; fileEncoding = 4; lastKnownFileType = sourcecode.swift; path = ProxyProtocol.swift; sourceTree = "<group>"; };
		6C0BA4701BF81E2B007C53C7 /* WebServiceProxy.swift */ = {isa = PBXFileReference; fileEncoding = 4; lastKnownFileType = sourcecode.swift; path = WebServiceProxy.swift; sourceTree = "<group>"; };
		6C0BA4761BF8208B007C53C7 /* Seattle Bike ParkingTests.xctest */ = {isa = PBXFileReference; explicitFileType = wrapper.cfbundle; includeInIndex = 0; path = "Seattle Bike ParkingTests.xctest"; sourceTree = BUILT_PRODUCTS_DIR; };
		6C0BA47A1BF8208B007C53C7 /* Info.plist */ = {isa = PBXFileReference; lastKnownFileType = text.plist.xml; path = Info.plist; sourceTree = "<group>"; };
		6C0BA4841BF90137007C53C7 /* WebServiceTests.swift */ = {isa = PBXFileReference; fileEncoding = 4; lastKnownFileType = sourcecode.swift; path = WebServiceTests.swift; sourceTree = "<group>"; };
		6C0BA4871BF95E71007C53C7 /* Constants.swift */ = {isa = PBXFileReference; fileEncoding = 4; lastKnownFileType = sourcecode.swift; path = Constants.swift; sourceTree = "<group>"; };
		6C6C6C3F1C462DE1009884A0 /* MapViewBikesTests.swift */ = {isa = PBXFileReference; fileEncoding = 4; lastKnownFileType = sourcecode.swift; path = MapViewBikesTests.swift; sourceTree = "<group>"; };
		6C7166311C15318900658220 /* Seattle Bike ParkingUITests.xctest */ = {isa = PBXFileReference; explicitFileType = wrapper.cfbundle; includeInIndex = 0; path = "Seattle Bike ParkingUITests.xctest"; sourceTree = BUILT_PRODUCTS_DIR; };
		6C7166331C15318900658220 /* Seattle_Bike_ParkingUITests.swift */ = {isa = PBXFileReference; lastKnownFileType = sourcecode.swift; path = Seattle_Bike_ParkingUITests.swift; sourceTree = "<group>"; };
		6C7166351C15318900658220 /* Info.plist */ = {isa = PBXFileReference; lastKnownFileType = text.plist.xml; path = Info.plist; sourceTree = "<group>"; };
		6C71663B1C153B0600658220 /* MapOfBikes.swift */ = {isa = PBXFileReference; fileEncoding = 4; lastKnownFileType = sourcecode.swift; path = MapOfBikes.swift; sourceTree = "<group>"; };
		6CAD20C51C4AE8790002FDDA /* ParkingBikeSpotModel.swift */ = {isa = PBXFileReference; fileEncoding = 4; lastKnownFileType = sourcecode.swift; path = ParkingBikeSpotModel.swift; sourceTree = "<group>"; };
		6CAD20C71C4B18930002FDDA /* MapService.swift */ = {isa = PBXFileReference; fileEncoding = 4; lastKnownFileType = sourcecode.swift; path = MapService.swift; sourceTree = "<group>"; };
		6CC2A4471D08A27800ECB3EE /* BikeSpotParser.swift */ = {isa = PBXFileReference; fileEncoding = 4; lastKnownFileType = sourcecode.swift; path = BikeSpotParser.swift; sourceTree = "<group>"; };
		6CE19CE51D0D3C18001D8C74 /* BikeSpotService.swift */ = {isa = PBXFileReference; fileEncoding = 4; lastKnownFileType = sourcecode.swift; path = BikeSpotService.swift; sourceTree = "<group>"; };
/* End PBXFileReference section */

/* Begin PBXFrameworksBuildPhase section */
		6C0BA4511BF81D86007C53C7 /* Frameworks */ = {
			isa = PBXFrameworksBuildPhase;
			buildActionMask = 2147483647;
			files = (
			);
			runOnlyForDeploymentPostprocessing = 0;
		};
		6C0BA4731BF8208B007C53C7 /* Frameworks */ = {
			isa = PBXFrameworksBuildPhase;
			buildActionMask = 2147483647;
			files = (
			);
			runOnlyForDeploymentPostprocessing = 0;
		};
		6C71662E1C15318900658220 /* Frameworks */ = {
			isa = PBXFrameworksBuildPhase;
			buildActionMask = 2147483647;
			files = (
			);
			runOnlyForDeploymentPostprocessing = 0;
		};
/* End PBXFrameworksBuildPhase section */

/* Begin PBXGroup section */
		6C0BA44B1BF81D86007C53C7 = {
			isa = PBXGroup;
			children = (
				6C0BA4561BF81D86007C53C7 /* Seattle Bike Parking */,
				6C0BA4771BF8208B007C53C7 /* Seattle Bike ParkingTests */,
				6C7166321C15318900658220 /* Seattle Bike ParkingUITests */,
				6C0BA4551BF81D86007C53C7 /* Products */,
			);
			sourceTree = "<group>";
		};
		6C0BA4551BF81D86007C53C7 /* Products */ = {
			isa = PBXGroup;
			children = (
				6C0BA4541BF81D86007C53C7 /* Seattle Bike Parking.app */,
				6C0BA4761BF8208B007C53C7 /* Seattle Bike ParkingTests.xctest */,
				6C7166311C15318900658220 /* Seattle Bike ParkingUITests.xctest */,
			);
			name = Products;
			sourceTree = "<group>";
		};
		6C0BA4561BF81D86007C53C7 /* Seattle Bike Parking */ = {
			isa = PBXGroup;
			children = (
				6C7BA3BD1CFFADB300F16560 /* Views */,
				6C7166291C150DF900658220 /* View Controllers */,
				6C71662C1C15310B00658220 /* Model Objects */,
				6C0BA46B1BF81DEA007C53C7 /* Network Stack */,
				6C0BA4861BF95E5F007C53C7 /* Helper Files */,
				6C71662B1C150EAF00658220 /* Storyboards / Assets */,
				6C71662A1C150E9400658220 /* App Resources */,
			);
			path = "Seattle Bike Parking";
			sourceTree = "<group>";
		};
		6C0BA46B1BF81DEA007C53C7 /* Network Stack */ = {
			isa = PBXGroup;
			children = (
				6C0BA46F1BF81E1D007C53C7 /* Service Layer */,
				6C0BA46E1BF81E11007C53C7 /* Proxy Layer */,
			);
			name = "Network Stack";
			sourceTree = "<group>";
		};
		6C0BA46E1BF81E11007C53C7 /* Proxy Layer */ = {
			isa = PBXGroup;
			children = (
				6C0BA46C1BF81E01007C53C7 /* ProxyProtocol.swift */,
			);
			name = "Proxy Layer";
			sourceTree = "<group>";
		};
		6C0BA46F1BF81E1D007C53C7 /* Service Layer */ = {
			isa = PBXGroup;
			children = (
				6C0BA4701BF81E2B007C53C7 /* WebServiceProxy.swift */,
				6CAD20C71C4B18930002FDDA /* MapService.swift */,
				6CC2A4471D08A27800ECB3EE /* BikeSpotParser.swift */,
				6CE19CE51D0D3C18001D8C74 /* BikeSpotService.swift */,
			);
			name = "Service Layer";
			sourceTree = "<group>";
		};
		6C0BA4771BF8208B007C53C7 /* Seattle Bike ParkingTests */ = {
			isa = PBXGroup;
			children = (
				6C0BA47A1BF8208B007C53C7 /* Info.plist */,
				6C0BA4841BF90137007C53C7 /* WebServiceTests.swift */,
				6C6C6C3F1C462DE1009884A0 /* MapViewBikesTests.swift */,
			);
			path = "Seattle Bike ParkingTests";
			sourceTree = "<group>";
		};
		6C0BA4861BF95E5F007C53C7 /* Helper Files */ = {
			isa = PBXGroup;
			children = (
				6C0BA4871BF95E71007C53C7 /* Constants.swift */,
			);
			name = "Helper Files";
			sourceTree = "<group>";
		};
		6C7166291C150DF900658220 /* View Controllers */ = {
			isa = PBXGroup;
			children = (
				6C0BA4591BF81D86007C53C7 /* ViewControllerMain.swift */,
			);
			name = "View Controllers";
			sourceTree = "<group>";
		};
		6C71662A1C150E9400658220 /* App Resources */ = {
			isa = PBXGroup;
			children = (
				6C0BA4571BF81D86007C53C7 /* AppDelegate.swift */,
				6C0BA4631BF81D86007C53C7 /* Info.plist */,
			);
			name = "App Resources";
			sourceTree = "<group>";
		};
		6C71662B1C150EAF00658220 /* Storyboards / Assets */ = {
			isa = PBXGroup;
			children = (
				6C0BA45B1BF81D86007C53C7 /* Main.storyboard */,
				6C0BA45E1BF81D86007C53C7 /* Assets.xcassets */,
				6C0BA4601BF81D86007C53C7 /* LaunchScreen.storyboard */,
			);
			name = "Storyboards / Assets";
			sourceTree = "<group>";
		};
		6C71662C1C15310B00658220 /* Model Objects */ = {
			isa = PBXGroup;
			children = (
				6CAD20C51C4AE8790002FDDA /* ParkingBikeSpotModel.swift */,
			);
			name = "Model Objects";
			sourceTree = "<group>";
		};
		6C7166321C15318900658220 /* Seattle Bike ParkingUITests */ = {
			isa = PBXGroup;
			children = (
				6C7166331C15318900658220 /* Seattle_Bike_ParkingUITests.swift */,
				6C7166351C15318900658220 /* Info.plist */,
			);
			path = "Seattle Bike ParkingUITests";
			sourceTree = "<group>";
		};
		6C7BA3BD1CFFADB300F16560 /* Views */ = {
			isa = PBXGroup;
			children = (
				6C71663B1C153B0600658220 /* MapOfBikes.swift */,
			);
			name = Views;
			sourceTree = "<group>";
		};
/* End PBXGroup section */

/* Begin PBXNativeTarget section */
		6C0BA4531BF81D86007C53C7 /* Seattle Bike Parking */ = {
			isa = PBXNativeTarget;
			buildConfigurationList = 6C0BA4661BF81D86007C53C7 /* Build configuration list for PBXNativeTarget "Seattle Bike Parking" */;
			buildPhases = (
				6C0BA4501BF81D86007C53C7 /* Sources */,
				6C0BA4511BF81D86007C53C7 /* Frameworks */,
				6C0BA4521BF81D86007C53C7 /* Resources */,
			);
			buildRules = (
			);
			dependencies = (
			);
			name = "Seattle Bike Parking";
			productName = "Seattle Bike Parking";
			productReference = 6C0BA4541BF81D86007C53C7 /* Seattle Bike Parking.app */;
			productType = "com.apple.product-type.application";
		};
		6C0BA4751BF8208B007C53C7 /* Seattle Bike ParkingTests */ = {
			isa = PBXNativeTarget;
			buildConfigurationList = 6C0BA47D1BF8208B007C53C7 /* Build configuration list for PBXNativeTarget "Seattle Bike ParkingTests" */;
			buildPhases = (
				6C0BA4721BF8208B007C53C7 /* Sources */,
				6C0BA4731BF8208B007C53C7 /* Frameworks */,
				6C0BA4741BF8208B007C53C7 /* Resources */,
			);
			buildRules = (
			);
			dependencies = (
				6C0BA47C1BF8208B007C53C7 /* PBXTargetDependency */,
			);
			name = "Seattle Bike ParkingTests";
			productName = "Seattle Bike ParkingTests";
			productReference = 6C0BA4761BF8208B007C53C7 /* Seattle Bike ParkingTests.xctest */;
			productType = "com.apple.product-type.bundle.unit-test";
		};
		6C7166301C15318900658220 /* Seattle Bike ParkingUITests */ = {
			isa = PBXNativeTarget;
			buildConfigurationList = 6C7166381C15318900658220 /* Build configuration list for PBXNativeTarget "Seattle Bike ParkingUITests" */;
			buildPhases = (
				6C71662D1C15318900658220 /* Sources */,
				6C71662E1C15318900658220 /* Frameworks */,
				6C71662F1C15318900658220 /* Resources */,
			);
			buildRules = (
			);
			dependencies = (
				6C7166371C15318900658220 /* PBXTargetDependency */,
			);
			name = "Seattle Bike ParkingUITests";
			productName = "Seattle Bike ParkingUITests";
			productReference = 6C7166311C15318900658220 /* Seattle Bike ParkingUITests.xctest */;
			productType = "com.apple.product-type.bundle.ui-testing";
		};
/* End PBXNativeTarget section */

/* Begin PBXProject section */
		6C0BA44C1BF81D86007C53C7 /* Project object */ = {
			isa = PBXProject;
			attributes = {
				LastSwiftUpdateCheck = 0710;
				LastUpgradeCheck = 0700;
				ORGANIZATIONNAME = "Alex Cevallos";
				TargetAttributes = {
					6C0BA4531BF81D86007C53C7 = {
						CreatedOnToolsVersion = 7.0.1;
					};
					6C0BA4751BF8208B007C53C7 = {
						CreatedOnToolsVersion = 7.0.1;
						TestTargetID = 6C0BA4531BF81D86007C53C7;
					};
					6C7166301C15318900658220 = {
						CreatedOnToolsVersion = 7.1.1;
						TestTargetID = 6C0BA4531BF81D86007C53C7;
					};
				};
			};
			buildConfigurationList = 6C0BA44F1BF81D86007C53C7 /* Build configuration list for PBXProject "Seattle Bike Parking" */;
			compatibilityVersion = "Xcode 3.2";
			developmentRegion = English;
			hasScannedForEncodings = 0;
			knownRegions = (
				en,
				Base,
			);
			mainGroup = 6C0BA44B1BF81D86007C53C7;
			productRefGroup = 6C0BA4551BF81D86007C53C7 /* Products */;
			projectDirPath = "";
			projectRoot = "";
			targets = (
				6C0BA4531BF81D86007C53C7 /* Seattle Bike Parking */,
				6C0BA4751BF8208B007C53C7 /* Seattle Bike ParkingTests */,
				6C7166301C15318900658220 /* Seattle Bike ParkingUITests */,
			);
		};
/* End PBXProject section */

/* Begin PBXResourcesBuildPhase section */
		6C0BA4521BF81D86007C53C7 /* Resources */ = {
			isa = PBXResourcesBuildPhase;
			buildActionMask = 2147483647;
			files = (
				6C0BA4621BF81D86007C53C7 /* LaunchScreen.storyboard in Resources */,
				6C0BA45F1BF81D86007C53C7 /* Assets.xcassets in Resources */,
				6C0BA45D1BF81D86007C53C7 /* Main.storyboard in Resources */,
			);
			runOnlyForDeploymentPostprocessing = 0;
		};
		6C0BA4741BF8208B007C53C7 /* Resources */ = {
			isa = PBXResourcesBuildPhase;
			buildActionMask = 2147483647;
			files = (
			);
			runOnlyForDeploymentPostprocessing = 0;
		};
		6C71662F1C15318900658220 /* Resources */ = {
			isa = PBXResourcesBuildPhase;
			buildActionMask = 2147483647;
			files = (
			);
			runOnlyForDeploymentPostprocessing = 0;
		};
/* End PBXResourcesBuildPhase section */

/* Begin PBXSourcesBuildPhase section */
		6C0BA4501BF81D86007C53C7 /* Sources */ = {
			isa = PBXSourcesBuildPhase;
			buildActionMask = 2147483647;
			files = (
				6CAD20C61C4AE8790002FDDA /* ParkingBikeSpotModel.swift in Sources */,
				6C0BA4881BF95E71007C53C7 /* Constants.swift in Sources */,
				6CAD20C81C4B18930002FDDA /* MapService.swift in Sources */,
				6C0BA46D1BF81E01007C53C7 /* ProxyProtocol.swift in Sources */,
				6C0BA45A1BF81D86007C53C7 /* ViewControllerMain.swift in Sources */,
				6C0BA4711BF81E2B007C53C7 /* WebServiceProxy.swift in Sources */,
				6C71663C1C153B0600658220 /* MapOfBikes.swift in Sources */,
				6CC2A4481D08A27800ECB3EE /* BikeSpotParser.swift in Sources */,
				6CE19CE61D0D3C18001D8C74 /* BikeSpotService.swift in Sources */,
				6C0BA4581BF81D86007C53C7 /* AppDelegate.swift in Sources */,
			);
			runOnlyForDeploymentPostprocessing = 0;
		};
		6C0BA4721BF8208B007C53C7 /* Sources */ = {
			isa = PBXSourcesBuildPhase;
			buildActionMask = 2147483647;
			files = (
				6C6C6C441C462EDB009884A0 /* WebServiceTests.swift in Sources */,
				6C6C6C421C462EBB009884A0 /* MapViewBikesTests.swift in Sources */,
			);
			runOnlyForDeploymentPostprocessing = 0;
		};
		6C71662D1C15318900658220 /* Sources */ = {
			isa = PBXSourcesBuildPhase;
			buildActionMask = 2147483647;
			files = (
				6C7166341C15318900658220 /* Seattle_Bike_ParkingUITests.swift in Sources */,
			);
			runOnlyForDeploymentPostprocessing = 0;
		};
/* End PBXSourcesBuildPhase section */

/* Begin PBXTargetDependency section */
		6C0BA47C1BF8208B007C53C7 /* PBXTargetDependency */ = {
			isa = PBXTargetDependency;
			target = 6C0BA4531BF81D86007C53C7 /* Seattle Bike Parking */;
			targetProxy = 6C0BA47B1BF8208B007C53C7 /* PBXContainerItemProxy */;
		};
		6C7166371C15318900658220 /* PBXTargetDependency */ = {
			isa = PBXTargetDependency;
			target = 6C0BA4531BF81D86007C53C7 /* Seattle Bike Parking */;
			targetProxy = 6C7166361C15318900658220 /* PBXContainerItemProxy */;
		};
/* End PBXTargetDependency section */

/* Begin PBXVariantGroup section */
		6C0BA45B1BF81D86007C53C7 /* Main.storyboard */ = {
			isa = PBXVariantGroup;
			children = (
				6C0BA45C1BF81D86007C53C7 /* Base */,
			);
			name = Main.storyboard;
			sourceTree = "<group>";
		};
		6C0BA4601BF81D86007C53C7 /* LaunchScreen.storyboard */ = {
			isa = PBXVariantGroup;
			children = (
				6C0BA4611BF81D86007C53C7 /* Base */,
			);
			name = LaunchScreen.storyboard;
			sourceTree = "<group>";
		};
/* End PBXVariantGroup section */

/* Begin XCBuildConfiguration section */
		6C0BA4641BF81D86007C53C7 /* Debug */ = {
			isa = XCBuildConfiguration;
			buildSettings = {
				ALWAYS_SEARCH_USER_PATHS = NO;
				CLANG_CXX_LANGUAGE_STANDARD = "gnu++0x";
				CLANG_CXX_LIBRARY = "libc++";
				CLANG_ENABLE_MODULES = YES;
				CLANG_ENABLE_OBJC_ARC = YES;
				CLANG_WARN_BOOL_CONVERSION = YES;
				CLANG_WARN_CONSTANT_CONVERSION = YES;
				CLANG_WARN_DIRECT_OBJC_ISA_USAGE = YES_ERROR;
				CLANG_WARN_EMPTY_BODY = YES;
				CLANG_WARN_ENUM_CONVERSION = YES;
				CLANG_WARN_INT_CONVERSION = YES;
				CLANG_WARN_OBJC_ROOT_CLASS = YES_ERROR;
				CLANG_WARN_UNREACHABLE_CODE = YES;
				CLANG_WARN__DUPLICATE_METHOD_MATCH = YES;
				"CODE_SIGN_IDENTITY[sdk=iphoneos*]" = "iPhone Developer";
				COPY_PHASE_STRIP = NO;
				DEBUG_INFORMATION_FORMAT = dwarf;
				ENABLE_STRICT_OBJC_MSGSEND = YES;
				ENABLE_TESTABILITY = YES;
				GCC_C_LANGUAGE_STANDARD = gnu99;
				GCC_DYNAMIC_NO_PIC = NO;
				GCC_NO_COMMON_BLOCKS = YES;
				GCC_OPTIMIZATION_LEVEL = 0;
				GCC_PREPROCESSOR_DEFINITIONS = (
					"DEBUG=1",
					"$(inherited)",
				);
				GCC_WARN_64_TO_32_BIT_CONVERSION = YES;
				GCC_WARN_ABOUT_RETURN_TYPE = YES_ERROR;
				GCC_WARN_UNDECLARED_SELECTOR = YES;
				GCC_WARN_UNINITIALIZED_AUTOS = YES_AGGRESSIVE;
				GCC_WARN_UNUSED_FUNCTION = YES;
				GCC_WARN_UNUSED_VARIABLE = YES;
				IPHONEOS_DEPLOYMENT_TARGET = 9.0;
				MTL_ENABLE_DEBUG_INFO = YES;
				ONLY_ACTIVE_ARCH = YES;
				SDKROOT = iphoneos;
				SWIFT_OPTIMIZATION_LEVEL = "-Onone";
			};
			name = Debug;
		};
		6C0BA4651BF81D86007C53C7 /* Release */ = {
			isa = XCBuildConfiguration;
			buildSettings = {
				ALWAYS_SEARCH_USER_PATHS = NO;
				CLANG_CXX_LANGUAGE_STANDARD = "gnu++0x";
				CLANG_CXX_LIBRARY = "libc++";
				CLANG_ENABLE_MODULES = YES;
				CLANG_ENABLE_OBJC_ARC = YES;
				CLANG_WARN_BOOL_CONVERSION = YES;
				CLANG_WARN_CONSTANT_CONVERSION = YES;
				CLANG_WARN_DIRECT_OBJC_ISA_USAGE = YES_ERROR;
				CLANG_WARN_EMPTY_BODY = YES;
				CLANG_WARN_ENUM_CONVERSION = YES;
				CLANG_WARN_INT_CONVERSION = YES;
				CLANG_WARN_OBJC_ROOT_CLASS = YES_ERROR;
				CLANG_WARN_UNREACHABLE_CODE = YES;
				CLANG_WARN__DUPLICATE_METHOD_MATCH = YES;
				"CODE_SIGN_IDENTITY[sdk=iphoneos*]" = "iPhone Developer";
				COPY_PHASE_STRIP = NO;
				DEBUG_INFORMATION_FORMAT = "dwarf-with-dsym";
				ENABLE_NS_ASSERTIONS = NO;
				ENABLE_STRICT_OBJC_MSGSEND = YES;
				ENABLE_TESTABILITY = YES;
				GCC_C_LANGUAGE_STANDARD = gnu99;
				GCC_NO_COMMON_BLOCKS = YES;
				GCC_OPTIMIZATION_LEVEL = 0;
				GCC_WARN_64_TO_32_BIT_CONVERSION = YES;
				GCC_WARN_ABOUT_RETURN_TYPE = YES_ERROR;
				GCC_WARN_UNDECLARED_SELECTOR = YES;
				GCC_WARN_UNINITIALIZED_AUTOS = YES_AGGRESSIVE;
				GCC_WARN_UNUSED_FUNCTION = YES;
				GCC_WARN_UNUSED_VARIABLE = YES;
				IPHONEOS_DEPLOYMENT_TARGET = 9.0;
				MTL_ENABLE_DEBUG_INFO = NO;
				SDKROOT = iphoneos;
				SWIFT_OPTIMIZATION_LEVEL = "-Onone";
				VALIDATE_PRODUCT = YES;
			};
			name = Release;
		};
		6C0BA4671BF81D86007C53C7 /* Debug */ = {
			isa = XCBuildConfiguration;
			buildSettings = {
				ASSETCATALOG_COMPILER_APPICON_NAME = AppIcon;
				INFOPLIST_FILE = "Seattle Bike Parking/Info.plist";
				LD_RUNPATH_SEARCH_PATHS = "$(inherited) @executable_path/Frameworks";
				PRODUCT_BUNDLE_IDENTIFIER = "com.AlexCevallos.Seattle-Bike-Parking";
				PRODUCT_NAME = "$(TARGET_NAME)";
			};
			name = Debug;
		};
		6C0BA4681BF81D86007C53C7 /* Release */ = {
			isa = XCBuildConfiguration;
			buildSettings = {
				ASSETCATALOG_COMPILER_APPICON_NAME = AppIcon;
				INFOPLIST_FILE = "Seattle Bike Parking/Info.plist";
				LD_RUNPATH_SEARCH_PATHS = "$(inherited) @executable_path/Frameworks";
				PRODUCT_BUNDLE_IDENTIFIER = "com.AlexCevallos.Seattle-Bike-Parking";
				PRODUCT_NAME = "$(TARGET_NAME)";
			};
			name = Release;
		};
		6C0BA47E1BF8208B007C53C7 /* Debug */ = {
			isa = XCBuildConfiguration;
			buildSettings = {
				BUNDLE_LOADER = "$(TEST_HOST)";
				INFOPLIST_FILE = "Seattle Bike ParkingTests/Info.plist";
				LD_RUNPATH_SEARCH_PATHS = "$(inherited) @executable_path/Frameworks @loader_path/Frameworks";
				PRODUCT_BUNDLE_IDENTIFIER = "com.AlexCevallos.Seattle-Bike-ParkingTests";
				PRODUCT_NAME = "$(TARGET_NAME)";
				TEST_HOST = "$(BUILT_PRODUCTS_DIR)/Seattle Bike Parking.app/Seattle Bike Parking";
			};
			name = Debug;
		};
		6C0BA47F1BF8208B007C53C7 /* Release */ = {
			isa = XCBuildConfiguration;
			buildSettings = {
				BUNDLE_LOADER = "$(TEST_HOST)";
				INFOPLIST_FILE = "Seattle Bike ParkingTests/Info.plist";
				LD_RUNPATH_SEARCH_PATHS = "$(inherited) @executable_path/Frameworks @loader_path/Frameworks";
				PRODUCT_BUNDLE_IDENTIFIER = "com.AlexCevallos.Seattle-Bike-ParkingTests";
				PRODUCT_NAME = "$(TARGET_NAME)";
				TEST_HOST = "$(BUILT_PRODUCTS_DIR)/Seattle Bike Parking.app/Seattle Bike Parking";
			};
			name = Release;
		};
		6C7166391C15318900658220 /* Debug */ = {
			isa = XCBuildConfiguration;
			buildSettings = {
				INFOPLIST_FILE = "Seattle Bike ParkingUITests/Info.plist";
				IPHONEOS_DEPLOYMENT_TARGET = 9.1;
				LD_RUNPATH_SEARCH_PATHS = "$(inherited) @executable_path/Frameworks @loader_path/Frameworks";
				PRODUCT_BUNDLE_IDENTIFIER = "com.AlexCevallos.Seattle-Bike-ParkingUITests";
				PRODUCT_NAME = "$(TARGET_NAME)";
				TEST_TARGET_NAME = "Seattle Bike Parking";
				USES_XCTRUNNER = YES;
			};
			name = Debug;
		};
		6C71663A1C15318900658220 /* Release */ = {
			isa = XCBuildConfiguration;
			buildSettings = {
				INFOPLIST_FILE = "Seattle Bike ParkingUITests/Info.plist";
				IPHONEOS_DEPLOYMENT_TARGET = 9.1;
				LD_RUNPATH_SEARCH_PATHS = "$(inherited) @executable_path/Frameworks @loader_path/Frameworks";
				PRODUCT_BUNDLE_IDENTIFIER = "com.AlexCevallos.Seattle-Bike-ParkingUITests";
				PRODUCT_NAME = "$(TARGET_NAME)";
				TEST_TARGET_NAME = "Seattle Bike Parking";
				USES_XCTRUNNER = YES;
			};
			name = Release;
		};
/* End XCBuildConfiguration section */

/* Begin XCConfigurationList section */
		6C0BA44F1BF81D86007C53C7 /* Build configuration list for PBXProject "Seattle Bike Parking" */ = {
			isa = XCConfigurationList;
			buildConfigurations = (
				6C0BA4641BF81D86007C53C7 /* Debug */,
				6C0BA4651BF81D86007C53C7 /* Release */,
			);
			defaultConfigurationIsVisible = 0;
			defaultConfigurationName = Release;
		};
		6C0BA4661BF81D86007C53C7 /* Build configuration list for PBXNativeTarget "Seattle Bike Parking" */ = {
			isa = XCConfigurationList;
			buildConfigurations = (
				6C0BA4671BF81D86007C53C7 /* Debug */,
				6C0BA4681BF81D86007C53C7 /* Release */,
			);
			defaultConfigurationIsVisible = 0;
			defaultConfigurationName = Release;
		};
		6C0BA47D1BF8208B007C53C7 /* Build configuration list for PBXNativeTarget "Seattle Bike ParkingTests" */ = {
			isa = XCConfigurationList;
			buildConfigurations = (
				6C0BA47E1BF8208B007C53C7 /* Debug */,
				6C0BA47F1BF8208B007C53C7 /* Release */,
			);
			defaultConfigurationIsVisible = 0;
			defaultConfigurationName = Release;
		};
		6C7166381C15318900658220 /* Build configuration list for PBXNativeTarget "Seattle Bike ParkingUITests" */ = {
			isa = XCConfigurationList;
			buildConfigurations = (
				6C7166391C15318900658220 /* Debug */,
				6C71663A1C15318900658220 /* Release */,
			);
			defaultConfigurationIsVisible = 0;
			defaultConfigurationName = Release;
		};
/* End XCConfigurationList section */
	};
	rootObject = 6C0BA44C1BF81D86007C53C7 /* Project object */;
}
